
Microsoft Visual Studio Solution File, Format Version 12.00
# Visual Studio Version 17
VisualStudioVersion = 17.0.31825.309
MinimumVisualStudioVersion = 10.0.40219.1
Project("{FAE04EC0-301F-11D3-BF4B-00C04F79EFBC}") = "CalculateEvenNumbersOnly", "CalculateEvenNumbersOnly\CalculateEvenNumbersOnly.csproj", "{A8C40C6D-7581-49CA-B996-B9B3FE87B3FD}"
EndProject
Project("{FAE04EC0-301F-11D3-BF4B-00C04F79EFBC}") = "Arrays", "Arrays\Arrays.csproj", "{267BFEAC-54A0-48B7-B4CB-BD2AAE93592F}"
EndProject
Project("{FAE04EC0-301F-11D3-BF4B-00C04F79EFBC}") = "SortArray", "SortArray\SortArray.csproj", "{98D1999C-F9E1-412D-9548-ADE0753A8D23}"
EndProject
Project("{FAE04EC0-301F-11D3-BF4B-00C04F79EFBC}") = "ArrayListSample", "ArrayChallenge\ArrayListSample.csproj", "{F6002E9C-A60D-44EB-A1C4-5916A17554FC}"
EndProject
Project("{FAE04EC0-301F-11D3-BF4B-00C04F79EFBC}") = "AddToArrayList", "AddToArrayList\AddToArrayList.csproj", "{3DD10E7D-380F-4240-96D7-6DF367E3D74A}"
EndProject
Global
	GlobalSection(SolutionConfigurationPlatforms) = preSolution
		Debug|Any CPU = Debug|Any CPU
		Release|Any CPU = Release|Any CPU
	EndGlobalSection
	GlobalSection(ProjectConfigurationPlatforms) = postSolution
		{A8C40C6D-7581-49CA-B996-B9B3FE87B3FD}.Debug|Any CPU.ActiveCfg = Debug|Any CPU
		{A8C40C6D-7581-49CA-B996-B9B3FE87B3FD}.Debug|Any CPU.Build.0 = Debug|Any CPU
		{A8C40C6D-7581-49CA-B996-B9B3FE87B3FD}.Release|Any CPU.ActiveCfg = Release|Any CPU
		{A8C40C6D-7581-49CA-B996-B9B3FE87B3FD}.Release|Any CPU.Build.0 = Release|Any CPU
		{267BFEAC-54A0-48B7-B4CB-BD2AAE93592F}.Debug|Any CPU.ActiveCfg = Debug|Any CPU
		{267BFEAC-54A0-48B7-B4CB-BD2AAE93592F}.Debug|Any CPU.Build.0 = Debug|Any CPU
		{267BFEAC-54A0-48B7-B4CB-BD2AAE93592F}.Release|Any CPU.ActiveCfg = Release|Any CPU
		{267BFEAC-54A0-48B7-B4CB-BD2AAE93592F}.Release|Any CPU.Build.0 = Release|Any CPU
		{98D1999C-F9E1-412D-9548-ADE0753A8D23}.Debug|Any CPU.ActiveCfg = Debug|Any CPU
		{98D1999C-F9E1-412D-9548-ADE0753A8D23}.Debug|Any CPU.Build.0 = Debug|Any CPU
		{98D1999C-F9E1-412D-9548-ADE0753A8D23}.Release|Any CPU.ActiveCfg = Release|Any CPU
		{98D1999C-F9E1-412D-9548-ADE0753A8D23}.Release|Any CPU.Build.0 = Release|Any CPU
		{F6002E9C-A60D-44EB-A1C4-5916A17554FC}.Debug|Any CPU.ActiveCfg = Debug|Any CPU
		{F6002E9C-A60D-44EB-A1C4-5916A17554FC}.Debug|Any CPU.Build.0 = Debug|Any CPU
		{F6002E9C-A60D-44EB-A1C4-5916A17554FC}.Release|Any CPU.ActiveCfg = Release|Any CPU
		{F6002E9C-A60D-44EB-A1C4-5916A17554FC}.Release|Any CPU.Build.0 = Release|Any CPU
		{3DD10E7D-380F-4240-96D7-6DF367E3D74A}.Debug|Any CPU.ActiveCfg = Debug|Any CPU
		{3DD10E7D-380F-4240-96D7-6DF367E3D74A}.Debug|Any CPU.Build.0 = Debug|Any CPU
		{3DD10E7D-380F-4240-96D7-6DF367E3D74A}.Release|Any CPU.ActiveCfg = Release|Any CPU
		{3DD10E7D-380F-4240-96D7-6DF367E3D74A}.Release|Any CPU.Build.0 = Release|Any CPU
	EndGlobalSection
	GlobalSection(SolutionProperties) = preSolution
		HideSolutionNode = FALSE
	EndGlobalSection
	GlobalSection(ExtensibilityGlobals) = postSolution
		SolutionGuid = {AB3A5ABD-3D01-4DC8-AD3F-373C01EDF0A6}
	EndGlobalSection
EndGlobal
